
Microsoft Visual Studio Solution File, Format Version 12.00
# Visual Studio Version 17
VisualStudioVersion = 17.7.34031.279
MinimumVisualStudioVersion = 10.0.40219.1
Project("{9A19103F-16F7-4668-BE54-9A1E7A4F7556}") = "TDDD49Lab", "TDDD49Lab\TDDD49Lab.csproj", "{DEED063D-A2D5-446A-A60C-1B495FE014FD}"
EndProject
Project("{9A19103F-16F7-4668-BE54-9A1E7A4F7556}") = "TestProject1", "TestProject1\TestProject1.csproj", "{B6C6D451-23D1-484B-9351-B20E1461D762}"
EndProject
Global
	GlobalSection(SolutionConfigurationPlatforms) = preSolution
		Debug|Any CPU = Debug|Any CPU
		Release|Any CPU = Release|Any CPU
	EndGlobalSection
	GlobalSection(ProjectConfigurationPlatforms) = postSolution
		{DEED063D-A2D5-446A-A60C-1B495FE014FD}.Debug|Any CPU.ActiveCfg = Debug|Any CPU
		{DEED063D-A2D5-446A-A60C-1B495FE014FD}.Debug|Any CPU.Build.0 = Debug|Any CPU
		{DEED063D-A2D5-446A-A60C-1B495FE014FD}.Release|Any CPU.ActiveCfg = Release|Any CPU
		{DEED063D-A2D5-446A-A60C-1B495FE014FD}.Release|Any CPU.Build.0 = Release|Any CPU
		{B6C6D451-23D1-484B-9351-B20E1461D762}.Debug|Any CPU.ActiveCfg = Debug|Any CPU
		{B6C6D451-23D1-484B-9351-B20E1461D762}.Debug|Any CPU.Build.0 = Debug|Any CPU
		{B6C6D451-23D1-484B-9351-B20E1461D762}.Release|Any CPU.ActiveCfg = Release|Any CPU
		{B6C6D451-23D1-484B-9351-B20E1461D762}.Release|Any CPU.Build.0 = Release|Any CPU
	EndGlobalSection
	GlobalSection(SolutionProperties) = preSolution
		HideSolutionNode = FALSE
	EndGlobalSection
	GlobalSection(ExtensibilityGlobals) = postSolution
		SolutionGuid = {C4C5F385-BA8F-4AF2-9762-1D6B00DCD43E}
	EndGlobalSection
EndGlobal
